
Microsoft Visual Studio Solution File, Format Version 12.00
# Visual Studio Version 17
VisualStudioVersion = 17.4.33205.214
MinimumVisualStudioVersion = 10.0.40219.1
Project("{9A19103F-16F7-4668-BE54-9A1E7A4F7556}") = "zadanie3", "zadanie3\zadanie3.csproj", "{5E84C659-C24F-46BF-A939-ABE7D2580D0E}"
EndProject
Project("{FAE04EC0-301F-11D3-BF4B-00C04F79EFBC}") = "ConsoleApp1", "ConsoleApp1\ConsoleApp1.csproj", "{54763D6C-385A-410B-8502-01E505735444}"
EndProject
Global
	GlobalSection(SolutionConfigurationPlatforms) = preSolution
		Debug|Any CPU = Debug|Any CPU
		Release|Any CPU = Release|Any CPU
	EndGlobalSection
	GlobalSection(ProjectConfigurationPlatforms) = postSolution
		{5E84C659-C24F-46BF-A939-ABE7D2580D0E}.Debug|Any CPU.ActiveCfg = Debug|Any CPU
		{5E84C659-C24F-46BF-A939-ABE7D2580D0E}.Debug|Any CPU.Build.0 = Debug|Any CPU
		{5E84C659-C24F-46BF-A939-ABE7D2580D0E}.Release|Any CPU.ActiveCfg = Release|Any CPU
		{5E84C659-C24F-46BF-A939-ABE7D2580D0E}.Release|Any CPU.Build.0 = Release|Any CPU
		{54763D6C-385A-410B-8502-01E505735444}.Debug|Any CPU.ActiveCfg = Debug|Any CPU
		{54763D6C-385A-410B-8502-01E505735444}.Debug|Any CPU.Build.0 = Debug|Any CPU
		{54763D6C-385A-410B-8502-01E505735444}.Release|Any CPU.ActiveCfg = Release|Any CPU
		{54763D6C-385A-410B-8502-01E505735444}.Release|Any CPU.Build.0 = Release|Any CPU
	EndGlobalSection
	GlobalSection(SolutionProperties) = preSolution
		HideSolutionNode = FALSE
	EndGlobalSection
	GlobalSection(ExtensibilityGlobals) = postSolution
		SolutionGuid = {4202C7BA-63D6-47E6-9981-142E1FB493B5}
	EndGlobalSection
EndGlobal
